
Microsoft Visual Studio Solution File, Format Version 12.00
# Visual Studio Version 16
VisualStudioVersion = 16.0.30114.105
MinimumVisualStudioVersion = 10.0.40219.1
Project("{FAE04EC0-301F-11D3-BF4B-00C04F79EFBC}") = "Lib", "..\Lib\Lib.csproj", "{416D0081-1E91-4CC8-8C76-59A781CCAA1D}"
EndProject
Project("{FAE04EC0-301F-11D3-BF4B-00C04F79EFBC}") = "Task1", "..\DZ_C\DZ_7seminar\Task1\Task1.csproj", "{16889A69-6E1F-4120-B0E1-D11ABAF17DA5}"
EndProject
Project("{FAE04EC0-301F-11D3-BF4B-00C04F79EFBC}") = "Task2", "..\DZ_C\DZ_7seminar\Task2\Task2.csproj", "{F4A1C6A9-3462-4FED-B866-0054306633BF}"
EndProject
Project("{FAE04EC0-301F-11D3-BF4B-00C04F79EFBC}") = "Task3", "..\DZ_C\DZ_7seminar\Task3\Task3.csproj", "{E67EC6EE-C026-484F-B103-3772BB68FDE2}"
EndProject
Project("{FAE04EC0-301F-11D3-BF4B-00C04F79EFBC}") = "Task2", "..\DZ_7seminar\Task2\Task2.csproj", "{DEF0F5D5-3858-44D3-B0F6-2B611E9775EF}"
EndProject
Project("{FAE04EC0-301F-11D3-BF4B-00C04F79EFBC}") = "Task1", "..\DZ_7seminar\Task1\Task1.csproj", "{7BAF1B9D-40AC-48EC-8A98-AB4192C5F513}"
EndProject
Project("{FAE04EC0-301F-11D3-BF4B-00C04F79EFBC}") = "Task3", "..\DZ_7seminar\Task3\Task3.csproj", "{D9D24DD1-4780-417E-91F4-13ED0EA3E889}"
EndProject
Project("{FAE04EC0-301F-11D3-BF4B-00C04F79EFBC}") = "Task5", "..\DZ_8seminar\Task5\Task5.csproj", "{B8E2BE23-4DC0-401B-A809-0269B2DDD81C}"
EndProject
Project("{FAE04EC0-301F-11D3-BF4B-00C04F79EFBC}") = "Task1", "..\DZ_8seminar\Task1\Task1.csproj", "{66C98A9E-2544-4221-B449-A37FD626CFD4}"
EndProject
Project("{FAE04EC0-301F-11D3-BF4B-00C04F79EFBC}") = "Task2", "..\DZ_8seminar\Task2\Task2.csproj", "{D0C0FB8D-CC61-4544-95C5-5B30488F209A}"
EndProject
Project("{FAE04EC0-301F-11D3-BF4B-00C04F79EFBC}") = "Task3", "..\DZ_8seminar\Task3\Task3.csproj", "{31CB531A-2D2D-4BA8-8CF7-58F801A23297}"
EndProject
Project("{FAE04EC0-301F-11D3-BF4B-00C04F79EFBC}") = "Task4", "..\DZ_8seminar\Task4\Task4.csproj", "{1160CC72-3965-4D76-A3AC-FB742298F313}"
EndProject
Project("{FAE04EC0-301F-11D3-BF4B-00C04F79EFBC}") = "Task1", "..\DZ_9seminar\Task1\Task1.csproj", "{42F149A7-66FE-4901-B4FC-93EB34A5CD91}"
EndProject
Project("{FAE04EC0-301F-11D3-BF4B-00C04F79EFBC}") = "Task2", "..\DZ_9seminar\Task2\Task2.csproj", "{80464AE8-208E-40A7-8DFB-3BF805A1642A}"
EndProject
Project("{FAE04EC0-301F-11D3-BF4B-00C04F79EFBC}") = "Task3", "..\DZ_9seminar\Task3\Task3.csproj", "{72B56CAE-5F2A-4098-B28E-433C8500306E}"
EndProject
Global
	GlobalSection(SolutionConfigurationPlatforms) = preSolution
		Debug|Any CPU = Debug|Any CPU
		Release|Any CPU = Release|Any CPU
	EndGlobalSection
	GlobalSection(SolutionProperties) = preSolution
		HideSolutionNode = FALSE
	EndGlobalSection
	GlobalSection(ProjectConfigurationPlatforms) = postSolution
		{416D0081-1E91-4CC8-8C76-59A781CCAA1D}.Debug|Any CPU.ActiveCfg = Debug|Any CPU
		{416D0081-1E91-4CC8-8C76-59A781CCAA1D}.Debug|Any CPU.Build.0 = Debug|Any CPU
		{416D0081-1E91-4CC8-8C76-59A781CCAA1D}.Release|Any CPU.ActiveCfg = Release|Any CPU
		{416D0081-1E91-4CC8-8C76-59A781CCAA1D}.Release|Any CPU.Build.0 = Release|Any CPU
		{16889A69-6E1F-4120-B0E1-D11ABAF17DA5}.Debug|Any CPU.ActiveCfg = Debug|Any CPU
		{16889A69-6E1F-4120-B0E1-D11ABAF17DA5}.Debug|Any CPU.Build.0 = Debug|Any CPU
		{16889A69-6E1F-4120-B0E1-D11ABAF17DA5}.Release|Any CPU.ActiveCfg = Release|Any CPU
		{16889A69-6E1F-4120-B0E1-D11ABAF17DA5}.Release|Any CPU.Build.0 = Release|Any CPU
		{F4A1C6A9-3462-4FED-B866-0054306633BF}.Debug|Any CPU.ActiveCfg = Debug|Any CPU
		{F4A1C6A9-3462-4FED-B866-0054306633BF}.Debug|Any CPU.Build.0 = Debug|Any CPU
		{F4A1C6A9-3462-4FED-B866-0054306633BF}.Release|Any CPU.ActiveCfg = Release|Any CPU
		{F4A1C6A9-3462-4FED-B866-0054306633BF}.Release|Any CPU.Build.0 = Release|Any CPU
		{E67EC6EE-C026-484F-B103-3772BB68FDE2}.Debug|Any CPU.ActiveCfg = Debug|Any CPU
		{E67EC6EE-C026-484F-B103-3772BB68FDE2}.Debug|Any CPU.Build.0 = Debug|Any CPU
		{E67EC6EE-C026-484F-B103-3772BB68FDE2}.Release|Any CPU.ActiveCfg = Release|Any CPU
		{E67EC6EE-C026-484F-B103-3772BB68FDE2}.Release|Any CPU.Build.0 = Release|Any CPU
		{DEF0F5D5-3858-44D3-B0F6-2B611E9775EF}.Debug|Any CPU.ActiveCfg = Debug|Any CPU
		{DEF0F5D5-3858-44D3-B0F6-2B611E9775EF}.Debug|Any CPU.Build.0 = Debug|Any CPU
		{DEF0F5D5-3858-44D3-B0F6-2B611E9775EF}.Release|Any CPU.ActiveCfg = Release|Any CPU
		{DEF0F5D5-3858-44D3-B0F6-2B611E9775EF}.Release|Any CPU.Build.0 = Release|Any CPU
		{7BAF1B9D-40AC-48EC-8A98-AB4192C5F513}.Debug|Any CPU.ActiveCfg = Debug|Any CPU
		{7BAF1B9D-40AC-48EC-8A98-AB4192C5F513}.Debug|Any CPU.Build.0 = Debug|Any CPU
		{7BAF1B9D-40AC-48EC-8A98-AB4192C5F513}.Release|Any CPU.ActiveCfg = Release|Any CPU
		{7BAF1B9D-40AC-48EC-8A98-AB4192C5F513}.Release|Any CPU.Build.0 = Release|Any CPU
		{D9D24DD1-4780-417E-91F4-13ED0EA3E889}.Debug|Any CPU.ActiveCfg = Debug|Any CPU
		{D9D24DD1-4780-417E-91F4-13ED0EA3E889}.Debug|Any CPU.Build.0 = Debug|Any CPU
		{D9D24DD1-4780-417E-91F4-13ED0EA3E889}.Release|Any CPU.ActiveCfg = Release|Any CPU
		{D9D24DD1-4780-417E-91F4-13ED0EA3E889}.Release|Any CPU.Build.0 = Release|Any CPU
		{B8E2BE23-4DC0-401B-A809-0269B2DDD81C}.Debug|Any CPU.ActiveCfg = Debug|Any CPU
		{B8E2BE23-4DC0-401B-A809-0269B2DDD81C}.Debug|Any CPU.Build.0 = Debug|Any CPU
		{B8E2BE23-4DC0-401B-A809-0269B2DDD81C}.Release|Any CPU.ActiveCfg = Release|Any CPU
		{B8E2BE23-4DC0-401B-A809-0269B2DDD81C}.Release|Any CPU.Build.0 = Release|Any CPU
		{66C98A9E-2544-4221-B449-A37FD626CFD4}.Debug|Any CPU.ActiveCfg = Debug|Any CPU
		{66C98A9E-2544-4221-B449-A37FD626CFD4}.Debug|Any CPU.Build.0 = Debug|Any CPU
		{66C98A9E-2544-4221-B449-A37FD626CFD4}.Release|Any CPU.ActiveCfg = Release|Any CPU
		{66C98A9E-2544-4221-B449-A37FD626CFD4}.Release|Any CPU.Build.0 = Release|Any CPU
		{D0C0FB8D-CC61-4544-95C5-5B30488F209A}.Debug|Any CPU.ActiveCfg = Debug|Any CPU
		{D0C0FB8D-CC61-4544-95C5-5B30488F209A}.Debug|Any CPU.Build.0 = Debug|Any CPU
		{D0C0FB8D-CC61-4544-95C5-5B30488F209A}.Release|Any CPU.ActiveCfg = Release|Any CPU
		{D0C0FB8D-CC61-4544-95C5-5B30488F209A}.Release|Any CPU.Build.0 = Release|Any CPU
		{31CB531A-2D2D-4BA8-8CF7-58F801A23297}.Debug|Any CPU.ActiveCfg = Debug|Any CPU
		{31CB531A-2D2D-4BA8-8CF7-58F801A23297}.Debug|Any CPU.Build.0 = Debug|Any CPU
		{31CB531A-2D2D-4BA8-8CF7-58F801A23297}.Release|Any CPU.ActiveCfg = Release|Any CPU
		{31CB531A-2D2D-4BA8-8CF7-58F801A23297}.Release|Any CPU.Build.0 = Release|Any CPU
		{1160CC72-3965-4D76-A3AC-FB742298F313}.Debug|Any CPU.ActiveCfg = Debug|Any CPU
		{1160CC72-3965-4D76-A3AC-FB742298F313}.Debug|Any CPU.Build.0 = Debug|Any CPU
		{1160CC72-3965-4D76-A3AC-FB742298F313}.Release|Any CPU.ActiveCfg = Release|Any CPU
		{1160CC72-3965-4D76-A3AC-FB742298F313}.Release|Any CPU.Build.0 = Release|Any CPU
		{42F149A7-66FE-4901-B4FC-93EB34A5CD91}.Debug|Any CPU.ActiveCfg = Debug|Any CPU
		{42F149A7-66FE-4901-B4FC-93EB34A5CD91}.Debug|Any CPU.Build.0 = Debug|Any CPU
		{42F149A7-66FE-4901-B4FC-93EB34A5CD91}.Release|Any CPU.ActiveCfg = Release|Any CPU
		{42F149A7-66FE-4901-B4FC-93EB34A5CD91}.Release|Any CPU.Build.0 = Release|Any CPU
		{80464AE8-208E-40A7-8DFB-3BF805A1642A}.Debug|Any CPU.ActiveCfg = Debug|Any CPU
		{80464AE8-208E-40A7-8DFB-3BF805A1642A}.Debug|Any CPU.Build.0 = Debug|Any CPU
		{80464AE8-208E-40A7-8DFB-3BF805A1642A}.Release|Any CPU.ActiveCfg = Release|Any CPU
		{80464AE8-208E-40A7-8DFB-3BF805A1642A}.Release|Any CPU.Build.0 = Release|Any CPU
		{72B56CAE-5F2A-4098-B28E-433C8500306E}.Debug|Any CPU.ActiveCfg = Debug|Any CPU
		{72B56CAE-5F2A-4098-B28E-433C8500306E}.Debug|Any CPU.Build.0 = Debug|Any CPU
		{72B56CAE-5F2A-4098-B28E-433C8500306E}.Release|Any CPU.ActiveCfg = Release|Any CPU
		{72B56CAE-5F2A-4098-B28E-433C8500306E}.Release|Any CPU.Build.0 = Release|Any CPU
	EndGlobalSection
EndGlobal
